
Microsoft Visual Studio Solution File, Format Version 12.00
# Visual Studio 14
VisualStudioVersion = 14.0.25420.1
MinimumVisualStudioVersion = 10.0.40219.1
Project("{FAE04EC0-301F-11D3-BF4B-00C04F79EFBC}") = "Task1_NumbersFrom1ToN", "Task1_NumbersFrom1ToN\Task1_NumbersFrom1ToN.csproj", "{254E4994-EEAD-4852-8924-7705D2F4A77E}"
EndProject
Project("{FAE04EC0-301F-11D3-BF4B-00C04F79EFBC}") = "Task2_NotDivisibleNumbers", "Task2_NotDivisibleNumber\Task2_NotDivisibleNumbers.csproj", "{BF01817D-8DBD-43EC-AC45-DC512A28C48B}"
EndProject
Project("{FAE04EC0-301F-11D3-BF4B-00C04F79EFBC}") = "Malko_Kote", "Malko_Kote\Malko_Kote.csproj", "{E2B56DB3-5482-466D-AB05-EFE00EA1888F}"
EndProject
Project("{FAE04EC0-301F-11D3-BF4B-00C04F79EFBC}") = "PersianRug", "PersianRug\PersianRug.csproj", "{B4B3E356-D6C5-4AA6-8A73-E20B25E99C08}"
EndProject
Project("{FAE04EC0-301F-11D3-BF4B-00C04F79EFBC}") = "Task3_Numbers", "Task3_Numbers\Task3_Numbers.csproj", "{D571B5C7-852F-4ECA-86CC-A3104D6B4121}"
EndProject
Project("{FAE04EC0-301F-11D3-BF4B-00C04F79EFBC}") = "Task5Calculate", "Task5\Task5Calculate.csproj", "{92793849-C5C1-4AF7-8C0D-8F03DC97B255}"
EndProject
Project("{FAE04EC0-301F-11D3-BF4B-00C04F79EFBC}") = "Task10_OddandEvenNumber", "Task10_OddandEvenNumber\Task10_OddandEvenNumber.csproj", "{DB6AAC7B-1E73-4027-AFCB-565307E648E5}"
EndProject
Project("{FAE04EC0-301F-11D3-BF4B-00C04F79EFBC}") = "Task11_BinaryToDecimal", "Task11_BinaryToDecimal\Task11_BinaryToDecimal.csproj", "{A551FDC6-22A3-4D4B-9640-38FAA0DAD9A7}"
EndProject
Project("{FAE04EC0-301F-11D3-BF4B-00C04F79EFBC}") = "Task12_DecimalToBinary", "Task12_DecimalToBinary\Task12_DecimalToBinary.csproj", "{A73C582F-4A2A-45F4-962B-E41C4B06629D}"
EndProject
Project("{FAE04EC0-301F-11D3-BF4B-00C04F79EFBC}") = "Task13_DecimalToHex", "Task13_DecimalToHex\Task13_DecimalToHex.csproj", "{9E47A20E-098D-4285-84FB-1EFE9467AA27}"
EndProject
Project("{FAE04EC0-301F-11D3-BF4B-00C04F79EFBC}") = "Task14_HexToDecimal", "Task14_HexToDecimal\Task14_HexToDecimal.csproj", "{BD1D3C2C-3B11-42E6-93C3-B87B224DB5CF}"
EndProject
Project("{FAE04EC0-301F-11D3-BF4B-00C04F79EFBC}") = "Task6_CalculateAgaint", "Task6_CalculateAgaint\Task6_CalculateAgaint.csproj", "{AB742361-6E37-423E-B837-4BFA620B0AAC}"
EndProject
Project("{FAE04EC0-301F-11D3-BF4B-00C04F79EFBC}") = "Task15_GCD", "Task15_GCD\Task15_GCD.csproj", "{656764BE-06B7-47F7-BB7E-D61CEA3392ED}"
EndProject
Project("{FAE04EC0-301F-11D3-BF4B-00C04F79EFBC}") = "Task16_Trailing0ToN", "Task16_Trailing0ToN\Task16_Trailing0ToN.csproj", "{6F1140A6-A7AB-449C-A9EB-BAB0A70572DD}"
EndProject
Project("{FAE04EC0-301F-11D3-BF4B-00C04F79EFBC}") = "Task17_SpiralMatrix", "Task17_SpiralMatrix\Task17_SpiralMatrix.csproj", "{095F1E2A-74FC-4A2D-9343-CD0912003ED4}"
EndProject
Global
	GlobalSection(SolutionConfigurationPlatforms) = preSolution
		Debug|Any CPU = Debug|Any CPU
		Release|Any CPU = Release|Any CPU
	EndGlobalSection
	GlobalSection(ProjectConfigurationPlatforms) = postSolution
		{254E4994-EEAD-4852-8924-7705D2F4A77E}.Debug|Any CPU.ActiveCfg = Debug|Any CPU
		{254E4994-EEAD-4852-8924-7705D2F4A77E}.Debug|Any CPU.Build.0 = Debug|Any CPU
		{254E4994-EEAD-4852-8924-7705D2F4A77E}.Release|Any CPU.ActiveCfg = Release|Any CPU
		{254E4994-EEAD-4852-8924-7705D2F4A77E}.Release|Any CPU.Build.0 = Release|Any CPU
		{BF01817D-8DBD-43EC-AC45-DC512A28C48B}.Debug|Any CPU.ActiveCfg = Debug|Any CPU
		{BF01817D-8DBD-43EC-AC45-DC512A28C48B}.Debug|Any CPU.Build.0 = Debug|Any CPU
		{BF01817D-8DBD-43EC-AC45-DC512A28C48B}.Release|Any CPU.ActiveCfg = Release|Any CPU
		{BF01817D-8DBD-43EC-AC45-DC512A28C48B}.Release|Any CPU.Build.0 = Release|Any CPU
		{E2B56DB3-5482-466D-AB05-EFE00EA1888F}.Debug|Any CPU.ActiveCfg = Debug|Any CPU
		{E2B56DB3-5482-466D-AB05-EFE00EA1888F}.Debug|Any CPU.Build.0 = Debug|Any CPU
		{E2B56DB3-5482-466D-AB05-EFE00EA1888F}.Release|Any CPU.ActiveCfg = Release|Any CPU
		{E2B56DB3-5482-466D-AB05-EFE00EA1888F}.Release|Any CPU.Build.0 = Release|Any CPU
		{B4B3E356-D6C5-4AA6-8A73-E20B25E99C08}.Debug|Any CPU.ActiveCfg = Debug|Any CPU
		{B4B3E356-D6C5-4AA6-8A73-E20B25E99C08}.Debug|Any CPU.Build.0 = Debug|Any CPU
		{B4B3E356-D6C5-4AA6-8A73-E20B25E99C08}.Release|Any CPU.ActiveCfg = Release|Any CPU
		{B4B3E356-D6C5-4AA6-8A73-E20B25E99C08}.Release|Any CPU.Build.0 = Release|Any CPU
		{D571B5C7-852F-4ECA-86CC-A3104D6B4121}.Debug|Any CPU.ActiveCfg = Debug|Any CPU
		{D571B5C7-852F-4ECA-86CC-A3104D6B4121}.Debug|Any CPU.Build.0 = Debug|Any CPU
		{D571B5C7-852F-4ECA-86CC-A3104D6B4121}.Release|Any CPU.ActiveCfg = Release|Any CPU
		{D571B5C7-852F-4ECA-86CC-A3104D6B4121}.Release|Any CPU.Build.0 = Release|Any CPU
		{92793849-C5C1-4AF7-8C0D-8F03DC97B255}.Debug|Any CPU.ActiveCfg = Debug|Any CPU
		{92793849-C5C1-4AF7-8C0D-8F03DC97B255}.Debug|Any CPU.Build.0 = Debug|Any CPU
		{92793849-C5C1-4AF7-8C0D-8F03DC97B255}.Release|Any CPU.ActiveCfg = Release|Any CPU
		{92793849-C5C1-4AF7-8C0D-8F03DC97B255}.Release|Any CPU.Build.0 = Release|Any CPU
		{DB6AAC7B-1E73-4027-AFCB-565307E648E5}.Debug|Any CPU.ActiveCfg = Debug|Any CPU
		{DB6AAC7B-1E73-4027-AFCB-565307E648E5}.Debug|Any CPU.Build.0 = Debug|Any CPU
		{DB6AAC7B-1E73-4027-AFCB-565307E648E5}.Release|Any CPU.ActiveCfg = Release|Any CPU
		{DB6AAC7B-1E73-4027-AFCB-565307E648E5}.Release|Any CPU.Build.0 = Release|Any CPU
		{A551FDC6-22A3-4D4B-9640-38FAA0DAD9A7}.Debug|Any CPU.ActiveCfg = Debug|Any CPU
		{A551FDC6-22A3-4D4B-9640-38FAA0DAD9A7}.Debug|Any CPU.Build.0 = Debug|Any CPU
		{A551FDC6-22A3-4D4B-9640-38FAA0DAD9A7}.Release|Any CPU.ActiveCfg = Release|Any CPU
		{A551FDC6-22A3-4D4B-9640-38FAA0DAD9A7}.Release|Any CPU.Build.0 = Release|Any CPU
		{A73C582F-4A2A-45F4-962B-E41C4B06629D}.Debug|Any CPU.ActiveCfg = Debug|Any CPU
		{A73C582F-4A2A-45F4-962B-E41C4B06629D}.Debug|Any CPU.Build.0 = Debug|Any CPU
		{A73C582F-4A2A-45F4-962B-E41C4B06629D}.Release|Any CPU.ActiveCfg = Release|Any CPU
		{A73C582F-4A2A-45F4-962B-E41C4B06629D}.Release|Any CPU.Build.0 = Release|Any CPU
		{9E47A20E-098D-4285-84FB-1EFE9467AA27}.Debug|Any CPU.ActiveCfg = Debug|Any CPU
		{9E47A20E-098D-4285-84FB-1EFE9467AA27}.Debug|Any CPU.Build.0 = Debug|Any CPU
		{9E47A20E-098D-4285-84FB-1EFE9467AA27}.Release|Any CPU.ActiveCfg = Release|Any CPU
		{9E47A20E-098D-4285-84FB-1EFE9467AA27}.Release|Any CPU.Build.0 = Release|Any CPU
		{BD1D3C2C-3B11-42E6-93C3-B87B224DB5CF}.Debug|Any CPU.ActiveCfg = Debug|Any CPU
		{BD1D3C2C-3B11-42E6-93C3-B87B224DB5CF}.Debug|Any CPU.Build.0 = Debug|Any CPU
		{BD1D3C2C-3B11-42E6-93C3-B87B224DB5CF}.Release|Any CPU.ActiveCfg = Release|Any CPU
		{BD1D3C2C-3B11-42E6-93C3-B87B224DB5CF}.Release|Any CPU.Build.0 = Release|Any CPU
		{AB742361-6E37-423E-B837-4BFA620B0AAC}.Debug|Any CPU.ActiveCfg = Debug|Any CPU
		{AB742361-6E37-423E-B837-4BFA620B0AAC}.Debug|Any CPU.Build.0 = Debug|Any CPU
		{AB742361-6E37-423E-B837-4BFA620B0AAC}.Release|Any CPU.ActiveCfg = Release|Any CPU
		{AB742361-6E37-423E-B837-4BFA620B0AAC}.Release|Any CPU.Build.0 = Release|Any CPU
		{656764BE-06B7-47F7-BB7E-D61CEA3392ED}.Debug|Any CPU.ActiveCfg = Debug|Any CPU
		{656764BE-06B7-47F7-BB7E-D61CEA3392ED}.Debug|Any CPU.Build.0 = Debug|Any CPU
		{656764BE-06B7-47F7-BB7E-D61CEA3392ED}.Release|Any CPU.ActiveCfg = Release|Any CPU
		{656764BE-06B7-47F7-BB7E-D61CEA3392ED}.Release|Any CPU.Build.0 = Release|Any CPU
		{6F1140A6-A7AB-449C-A9EB-BAB0A70572DD}.Debug|Any CPU.ActiveCfg = Debug|Any CPU
		{6F1140A6-A7AB-449C-A9EB-BAB0A70572DD}.Debug|Any CPU.Build.0 = Debug|Any CPU
		{6F1140A6-A7AB-449C-A9EB-BAB0A70572DD}.Release|Any CPU.ActiveCfg = Release|Any CPU
		{6F1140A6-A7AB-449C-A9EB-BAB0A70572DD}.Release|Any CPU.Build.0 = Release|Any CPU
		{095F1E2A-74FC-4A2D-9343-CD0912003ED4}.Debug|Any CPU.ActiveCfg = Debug|Any CPU
		{095F1E2A-74FC-4A2D-9343-CD0912003ED4}.Debug|Any CPU.Build.0 = Debug|Any CPU
		{095F1E2A-74FC-4A2D-9343-CD0912003ED4}.Release|Any CPU.ActiveCfg = Release|Any CPU
		{095F1E2A-74FC-4A2D-9343-CD0912003ED4}.Release|Any CPU.Build.0 = Release|Any CPU
	EndGlobalSection
	GlobalSection(SolutionProperties) = preSolution
		HideSolutionNode = FALSE
	EndGlobalSection
EndGlobal
