
Microsoft Visual Studio Solution File, Format Version 12.00
# Visual Studio 14
VisualStudioVersion = 14.0.25420.1
MinimumVisualStudioVersion = 10.0.40219.1
Project("{FAE04EC0-301F-11D3-BF4B-00C04F79EFBC}") = "Task1_SumOf3Numbers", "Task1_SumOf3Numbers\Task1_SumOf3Numbers.csproj", "{4CAABD54-4FF2-4E3C-A058-C71DCB3BFEEC}"
EndProject
Project("{FAE04EC0-301F-11D3-BF4B-00C04F79EFBC}") = "Task2_CompanyInfo", "Task2_CompanyInfo\Task2_CompanyInfo.csproj", "{CF3B3817-0C08-4F25-84F5-C7C79C00ADB8}"
EndProject
Project("{FAE04EC0-301F-11D3-BF4B-00C04F79EFBC}") = "Task3_Circle", "Task3_Radius\Task3_Circle.csproj", "{3910E050-C6E7-435F-96D4-F7190A26789E}"
EndProject
Global
	GlobalSection(SolutionConfigurationPlatforms) = preSolution
		Debug|Any CPU = Debug|Any CPU
		Release|Any CPU = Release|Any CPU
	EndGlobalSection
	GlobalSection(ProjectConfigurationPlatforms) = postSolution
		{4CAABD54-4FF2-4E3C-A058-C71DCB3BFEEC}.Debug|Any CPU.ActiveCfg = Debug|Any CPU
		{4CAABD54-4FF2-4E3C-A058-C71DCB3BFEEC}.Debug|Any CPU.Build.0 = Debug|Any CPU
		{4CAABD54-4FF2-4E3C-A058-C71DCB3BFEEC}.Release|Any CPU.ActiveCfg = Release|Any CPU
		{4CAABD54-4FF2-4E3C-A058-C71DCB3BFEEC}.Release|Any CPU.Build.0 = Release|Any CPU
		{CF3B3817-0C08-4F25-84F5-C7C79C00ADB8}.Debug|Any CPU.ActiveCfg = Debug|Any CPU
		{CF3B3817-0C08-4F25-84F5-C7C79C00ADB8}.Debug|Any CPU.Build.0 = Debug|Any CPU
		{CF3B3817-0C08-4F25-84F5-C7C79C00ADB8}.Release|Any CPU.ActiveCfg = Release|Any CPU
		{CF3B3817-0C08-4F25-84F5-C7C79C00ADB8}.Release|Any CPU.Build.0 = Release|Any CPU
		{3910E050-C6E7-435F-96D4-F7190A26789E}.Debug|Any CPU.ActiveCfg = Debug|Any CPU
		{3910E050-C6E7-435F-96D4-F7190A26789E}.Debug|Any CPU.Build.0 = Debug|Any CPU
		{3910E050-C6E7-435F-96D4-F7190A26789E}.Release|Any CPU.ActiveCfg = Release|Any CPU
		{3910E050-C6E7-435F-96D4-F7190A26789E}.Release|Any CPU.Build.0 = Release|Any CPU
	EndGlobalSection
	GlobalSection(SolutionProperties) = preSolution
		HideSolutionNode = FALSE
	EndGlobalSection
EndGlobal
