
Microsoft Visual Studio Solution File, Format Version 12.00
# Visual Studio 14
VisualStudioVersion = 14.0.25420.1
MinimumVisualStudioVersion = 10.0.40219.1
Project("{FAE04EC0-301F-11D3-BF4B-00C04F79EFBC}") = "Task1_Mutant", "Task1_Mutant\Task1_Mutant.csproj", "{274F2465-40D7-4029-ADA6-E984809045D4}"
EndProject
Project("{FAE04EC0-301F-11D3-BF4B-00C04F79EFBC}") = "Task2_Speeds", "Task2_Speeds\Task2_Speeds.csproj", "{E8B0446A-7A6B-479C-9A10-91444F656088}"
EndProject
Project("{FAE04EC0-301F-11D3-BF4B-00C04F79EFBC}") = "Task3_SumOfEvenDivisor", "Task3_SumOfEvenDivisor\Task3_SumOfEvenDivisor.csproj", "{10C228C9-5CFB-4811-ACC9-C356BAB54F3C}"
EndProject
Global
	GlobalSection(SolutionConfigurationPlatforms) = preSolution
		Debug|Any CPU = Debug|Any CPU
		Release|Any CPU = Release|Any CPU
	EndGlobalSection
	GlobalSection(ProjectConfigurationPlatforms) = postSolution
		{274F2465-40D7-4029-ADA6-E984809045D4}.Debug|Any CPU.ActiveCfg = Debug|Any CPU
		{274F2465-40D7-4029-ADA6-E984809045D4}.Debug|Any CPU.Build.0 = Debug|Any CPU
		{274F2465-40D7-4029-ADA6-E984809045D4}.Release|Any CPU.ActiveCfg = Release|Any CPU
		{274F2465-40D7-4029-ADA6-E984809045D4}.Release|Any CPU.Build.0 = Release|Any CPU
		{E8B0446A-7A6B-479C-9A10-91444F656088}.Debug|Any CPU.ActiveCfg = Debug|Any CPU
		{E8B0446A-7A6B-479C-9A10-91444F656088}.Debug|Any CPU.Build.0 = Debug|Any CPU
		{E8B0446A-7A6B-479C-9A10-91444F656088}.Release|Any CPU.ActiveCfg = Release|Any CPU
		{E8B0446A-7A6B-479C-9A10-91444F656088}.Release|Any CPU.Build.0 = Release|Any CPU
		{10C228C9-5CFB-4811-ACC9-C356BAB54F3C}.Debug|Any CPU.ActiveCfg = Debug|Any CPU
		{10C228C9-5CFB-4811-ACC9-C356BAB54F3C}.Debug|Any CPU.Build.0 = Debug|Any CPU
		{10C228C9-5CFB-4811-ACC9-C356BAB54F3C}.Release|Any CPU.ActiveCfg = Release|Any CPU
		{10C228C9-5CFB-4811-ACC9-C356BAB54F3C}.Release|Any CPU.Build.0 = Release|Any CPU
	EndGlobalSection
	GlobalSection(SolutionProperties) = preSolution
		HideSolutionNode = FALSE
	EndGlobalSection
EndGlobal
