
Microsoft Visual Studio Solution File, Format Version 12.00
# Visual Studio 14
VisualStudioVersion = 14.0.25420.1
MinimumVisualStudioVersion = 10.0.40219.1
Project("{FAE04EC0-301F-11D3-BF4B-00C04F79EFBC}") = "04.DecodeAndDecrypt", "04.DecodeAndDecrypt\04.DecodeAndDecrypt.csproj", "{EF7EC9BB-817B-4F06-BED4-F9DA89F2B358}"
EndProject
Project("{FAE04EC0-301F-11D3-BF4B-00C04F79EFBC}") = "01.MultiCommunication", "01.MultiCommunication\01.MultiCommunication.csproj", "{0F93D860-24BA-450B-8C58-FC1BD55DEF0F}"
EndProject
Project("{FAE04EC0-301F-11D3-BF4B-00C04F79EFBC}") = "02.MagicWords", "02.MagicWords\02.MagicWords.csproj", "{4311E75D-193F-496F-A135-E1B236DBFFF0}"
EndProject
Global
	GlobalSection(SolutionConfigurationPlatforms) = preSolution
		Debug|Any CPU = Debug|Any CPU
		Release|Any CPU = Release|Any CPU
	EndGlobalSection
	GlobalSection(ProjectConfigurationPlatforms) = postSolution
		{EF7EC9BB-817B-4F06-BED4-F9DA89F2B358}.Debug|Any CPU.ActiveCfg = Debug|Any CPU
		{EF7EC9BB-817B-4F06-BED4-F9DA89F2B358}.Debug|Any CPU.Build.0 = Debug|Any CPU
		{EF7EC9BB-817B-4F06-BED4-F9DA89F2B358}.Release|Any CPU.ActiveCfg = Release|Any CPU
		{EF7EC9BB-817B-4F06-BED4-F9DA89F2B358}.Release|Any CPU.Build.0 = Release|Any CPU
		{0F93D860-24BA-450B-8C58-FC1BD55DEF0F}.Debug|Any CPU.ActiveCfg = Debug|Any CPU
		{0F93D860-24BA-450B-8C58-FC1BD55DEF0F}.Debug|Any CPU.Build.0 = Debug|Any CPU
		{0F93D860-24BA-450B-8C58-FC1BD55DEF0F}.Release|Any CPU.ActiveCfg = Release|Any CPU
		{0F93D860-24BA-450B-8C58-FC1BD55DEF0F}.Release|Any CPU.Build.0 = Release|Any CPU
		{4311E75D-193F-496F-A135-E1B236DBFFF0}.Debug|Any CPU.ActiveCfg = Debug|Any CPU
		{4311E75D-193F-496F-A135-E1B236DBFFF0}.Debug|Any CPU.Build.0 = Debug|Any CPU
		{4311E75D-193F-496F-A135-E1B236DBFFF0}.Release|Any CPU.ActiveCfg = Release|Any CPU
		{4311E75D-193F-496F-A135-E1B236DBFFF0}.Release|Any CPU.Build.0 = Release|Any CPU
	EndGlobalSection
	GlobalSection(SolutionProperties) = preSolution
		HideSolutionNode = FALSE
	EndGlobalSection
EndGlobal
