
Microsoft Visual Studio Solution File, Format Version 12.00
# Visual Studio 14
VisualStudioVersion = 14.0.25420.1
MinimumVisualStudioVersion = 10.0.40219.1
Project("{FAE04EC0-301F-11D3-BF4B-00C04F79EFBC}") = "SchoolClasses", "SchoolClasses\SchoolClasses.csproj", "{0B09AA1D-2547-4E42-B68F-18A4CCEFFD97}"
EndProject
Project("{FAE04EC0-301F-11D3-BF4B-00C04F79EFBC}") = "StudentsAndWorkers", "StudentsAndWorkers\StudentsAndWorkers.csproj", "{6B2896BC-815A-4239-A145-AF356727824A}"
EndProject
Project("{FAE04EC0-301F-11D3-BF4B-00C04F79EFBC}") = "AnimalHierarchy", "AnimalHierarchy\AnimalHierarchy.csproj", "{3B15508B-8949-4BEF-B731-CDED2E939C39}"
EndProject
Global
	GlobalSection(SolutionConfigurationPlatforms) = preSolution
		Debug|Any CPU = Debug|Any CPU
		Release|Any CPU = Release|Any CPU
	EndGlobalSection
	GlobalSection(ProjectConfigurationPlatforms) = postSolution
		{0B09AA1D-2547-4E42-B68F-18A4CCEFFD97}.Debug|Any CPU.ActiveCfg = Debug|Any CPU
		{0B09AA1D-2547-4E42-B68F-18A4CCEFFD97}.Debug|Any CPU.Build.0 = Debug|Any CPU
		{0B09AA1D-2547-4E42-B68F-18A4CCEFFD97}.Release|Any CPU.ActiveCfg = Release|Any CPU
		{0B09AA1D-2547-4E42-B68F-18A4CCEFFD97}.Release|Any CPU.Build.0 = Release|Any CPU
		{6B2896BC-815A-4239-A145-AF356727824A}.Debug|Any CPU.ActiveCfg = Debug|Any CPU
		{6B2896BC-815A-4239-A145-AF356727824A}.Debug|Any CPU.Build.0 = Debug|Any CPU
		{6B2896BC-815A-4239-A145-AF356727824A}.Release|Any CPU.ActiveCfg = Release|Any CPU
		{6B2896BC-815A-4239-A145-AF356727824A}.Release|Any CPU.Build.0 = Release|Any CPU
		{3B15508B-8949-4BEF-B731-CDED2E939C39}.Debug|Any CPU.ActiveCfg = Debug|Any CPU
		{3B15508B-8949-4BEF-B731-CDED2E939C39}.Debug|Any CPU.Build.0 = Debug|Any CPU
		{3B15508B-8949-4BEF-B731-CDED2E939C39}.Release|Any CPU.ActiveCfg = Release|Any CPU
		{3B15508B-8949-4BEF-B731-CDED2E939C39}.Release|Any CPU.Build.0 = Release|Any CPU
	EndGlobalSection
	GlobalSection(SolutionProperties) = preSolution
		HideSolutionNode = FALSE
	EndGlobalSection
EndGlobal
