
Microsoft Visual Studio Solution File, Format Version 12.00
# Visual Studio 14
VisualStudioVersion = 14.0.25420.1
MinimumVisualStudioVersion = 10.0.40219.1
Project("{FAE04EC0-301F-11D3-BF4B-00C04F79EFBC}") = "Task1_ThreeNumbers", "Task1_ThreeNumbers\Task1_ThreeNumbers.csproj", "{CE92341A-A82E-40D1-B787-EB7E0D76B66E}"
EndProject
Project("{FAE04EC0-301F-11D3-BF4B-00C04F79EFBC}") = "Task2_Decoding", "Task2_Decoding\Task2_Decoding.csproj", "{FDD35E57-2821-4380-8ABC-439D9E818E7C}"
EndProject
Project("{FAE04EC0-301F-11D3-BF4B-00C04F79EFBC}") = "Task3_ConsoleApp", "Task3_ConsoleApp\Task3_ConsoleApp.csproj", "{D03E9B8F-21FA-485C-8196-01B6150CEFCC}"
EndProject
Global
	GlobalSection(SolutionConfigurationPlatforms) = preSolution
		Debug|Any CPU = Debug|Any CPU
		Release|Any CPU = Release|Any CPU
	EndGlobalSection
	GlobalSection(ProjectConfigurationPlatforms) = postSolution
		{CE92341A-A82E-40D1-B787-EB7E0D76B66E}.Debug|Any CPU.ActiveCfg = Debug|Any CPU
		{CE92341A-A82E-40D1-B787-EB7E0D76B66E}.Debug|Any CPU.Build.0 = Debug|Any CPU
		{CE92341A-A82E-40D1-B787-EB7E0D76B66E}.Release|Any CPU.ActiveCfg = Release|Any CPU
		{CE92341A-A82E-40D1-B787-EB7E0D76B66E}.Release|Any CPU.Build.0 = Release|Any CPU
		{FDD35E57-2821-4380-8ABC-439D9E818E7C}.Debug|Any CPU.ActiveCfg = Debug|Any CPU
		{FDD35E57-2821-4380-8ABC-439D9E818E7C}.Debug|Any CPU.Build.0 = Debug|Any CPU
		{FDD35E57-2821-4380-8ABC-439D9E818E7C}.Release|Any CPU.ActiveCfg = Release|Any CPU
		{FDD35E57-2821-4380-8ABC-439D9E818E7C}.Release|Any CPU.Build.0 = Release|Any CPU
		{D03E9B8F-21FA-485C-8196-01B6150CEFCC}.Debug|Any CPU.ActiveCfg = Debug|Any CPU
		{D03E9B8F-21FA-485C-8196-01B6150CEFCC}.Debug|Any CPU.Build.0 = Debug|Any CPU
		{D03E9B8F-21FA-485C-8196-01B6150CEFCC}.Release|Any CPU.ActiveCfg = Release|Any CPU
		{D03E9B8F-21FA-485C-8196-01B6150CEFCC}.Release|Any CPU.Build.0 = Release|Any CPU
	EndGlobalSection
	GlobalSection(SolutionProperties) = preSolution
		HideSolutionNode = FALSE
	EndGlobalSection
EndGlobal
