
Microsoft Visual Studio Solution File, Format Version 12.00
# Visual Studio 14
VisualStudioVersion = 14.0.25420.1
MinimumVisualStudioVersion = 10.0.40219.1
Project("{FAE04EC0-301F-11D3-BF4B-00C04F79EFBC}") = "Task_01", "Task1\Task_01.csproj", "{0A0B2B2D-162C-4843-B712-3A8CCD3F70F1}"
EndProject
Project("{FAE04EC0-301F-11D3-BF4B-00C04F79EFBC}") = "Task_02", "Task2\Task_02.csproj", "{D3706C1D-B7DF-4041-9169-8C754568F938}"
EndProject
Project("{FAE04EC0-301F-11D3-BF4B-00C04F79EFBC}") = "Task_03", "Task_03\Task_03.csproj", "{CBF98318-3B5A-4A4E-B140-D8F76738F76B}"
EndProject
Project("{FAE04EC0-301F-11D3-BF4B-00C04F79EFBC}") = "Task_04", "Task_04\Task_04.csproj", "{F3BC7E7A-88E4-49FE-A5D6-110AA6607FB2}"
EndProject
Global
	GlobalSection(SolutionConfigurationPlatforms) = preSolution
		Debug|Any CPU = Debug|Any CPU
		Release|Any CPU = Release|Any CPU
	EndGlobalSection
	GlobalSection(ProjectConfigurationPlatforms) = postSolution
		{0A0B2B2D-162C-4843-B712-3A8CCD3F70F1}.Debug|Any CPU.ActiveCfg = Debug|Any CPU
		{0A0B2B2D-162C-4843-B712-3A8CCD3F70F1}.Debug|Any CPU.Build.0 = Debug|Any CPU
		{0A0B2B2D-162C-4843-B712-3A8CCD3F70F1}.Release|Any CPU.ActiveCfg = Release|Any CPU
		{0A0B2B2D-162C-4843-B712-3A8CCD3F70F1}.Release|Any CPU.Build.0 = Release|Any CPU
		{D3706C1D-B7DF-4041-9169-8C754568F938}.Debug|Any CPU.ActiveCfg = Debug|Any CPU
		{D3706C1D-B7DF-4041-9169-8C754568F938}.Debug|Any CPU.Build.0 = Debug|Any CPU
		{D3706C1D-B7DF-4041-9169-8C754568F938}.Release|Any CPU.ActiveCfg = Release|Any CPU
		{D3706C1D-B7DF-4041-9169-8C754568F938}.Release|Any CPU.Build.0 = Release|Any CPU
		{CBF98318-3B5A-4A4E-B140-D8F76738F76B}.Debug|Any CPU.ActiveCfg = Debug|Any CPU
		{CBF98318-3B5A-4A4E-B140-D8F76738F76B}.Debug|Any CPU.Build.0 = Debug|Any CPU
		{CBF98318-3B5A-4A4E-B140-D8F76738F76B}.Release|Any CPU.ActiveCfg = Release|Any CPU
		{CBF98318-3B5A-4A4E-B140-D8F76738F76B}.Release|Any CPU.Build.0 = Release|Any CPU
		{F3BC7E7A-88E4-49FE-A5D6-110AA6607FB2}.Debug|Any CPU.ActiveCfg = Debug|Any CPU
		{F3BC7E7A-88E4-49FE-A5D6-110AA6607FB2}.Debug|Any CPU.Build.0 = Debug|Any CPU
		{F3BC7E7A-88E4-49FE-A5D6-110AA6607FB2}.Release|Any CPU.ActiveCfg = Release|Any CPU
		{F3BC7E7A-88E4-49FE-A5D6-110AA6607FB2}.Release|Any CPU.Build.0 = Release|Any CPU
	EndGlobalSection
	GlobalSection(SolutionProperties) = preSolution
		HideSolutionNode = FALSE
	EndGlobalSection
EndGlobal
